
Microsoft Visual Studio Solution File, Format Version 12.00
# Visual Studio Version 17
VisualStudioVersion = 17.12.35707.178
MinimumVisualStudioVersion = 10.0.40219.1
Project("{FAE04EC0-301F-11D3-BF4B-00C04F79EFBC}") = "Algoritmos_de_Busca", "Algoritmos_de_Busca\Algoritmos_de_Busca.csproj", "{08A73931-3223-4C65-8F8A-3876166B3949}"
EndProject
Project("{FAE04EC0-301F-11D3-BF4B-00C04F79EFBC}") = "Busca_Binaria", "Busca_Binaria\Busca_Binaria.csproj", "{545B24C5-FAEE-4B03-BC5C-DAFF05CE1B2A}"
EndProject
Project("{FAE04EC0-301F-11D3-BF4B-00C04F79EFBC}") = "Busca_Linear", "Busca_Linear\Busca_Linear.csproj", "{6B8C685C-F873-4648-9AF5-9E5440225798}"
EndProject
Project("{FAE04EC0-301F-11D3-BF4B-00C04F79EFBC}") = "Arvore_Binaria_Busca", "Arvore_Binaria_Busca\Arvore_Binaria_Busca.csproj", "{BCDE3C78-5F50-4FA6-AF7A-9B941837ECB3}"
EndProject
Global
	GlobalSection(SolutionConfigurationPlatforms) = preSolution
		Debug|Any CPU = Debug|Any CPU
		Release|Any CPU = Release|Any CPU
	EndGlobalSection
	GlobalSection(ProjectConfigurationPlatforms) = postSolution
		{08A73931-3223-4C65-8F8A-3876166B3949}.Debug|Any CPU.ActiveCfg = Debug|Any CPU
		{08A73931-3223-4C65-8F8A-3876166B3949}.Debug|Any CPU.Build.0 = Debug|Any CPU
		{08A73931-3223-4C65-8F8A-3876166B3949}.Release|Any CPU.ActiveCfg = Release|Any CPU
		{08A73931-3223-4C65-8F8A-3876166B3949}.Release|Any CPU.Build.0 = Release|Any CPU
		{545B24C5-FAEE-4B03-BC5C-DAFF05CE1B2A}.Debug|Any CPU.ActiveCfg = Debug|Any CPU
		{545B24C5-FAEE-4B03-BC5C-DAFF05CE1B2A}.Debug|Any CPU.Build.0 = Debug|Any CPU
		{545B24C5-FAEE-4B03-BC5C-DAFF05CE1B2A}.Release|Any CPU.ActiveCfg = Release|Any CPU
		{545B24C5-FAEE-4B03-BC5C-DAFF05CE1B2A}.Release|Any CPU.Build.0 = Release|Any CPU
		{6B8C685C-F873-4648-9AF5-9E5440225798}.Debug|Any CPU.ActiveCfg = Debug|Any CPU
		{6B8C685C-F873-4648-9AF5-9E5440225798}.Debug|Any CPU.Build.0 = Debug|Any CPU
		{6B8C685C-F873-4648-9AF5-9E5440225798}.Release|Any CPU.ActiveCfg = Release|Any CPU
		{6B8C685C-F873-4648-9AF5-9E5440225798}.Release|Any CPU.Build.0 = Release|Any CPU
		{BCDE3C78-5F50-4FA6-AF7A-9B941837ECB3}.Debug|Any CPU.ActiveCfg = Debug|Any CPU
		{BCDE3C78-5F50-4FA6-AF7A-9B941837ECB3}.Debug|Any CPU.Build.0 = Debug|Any CPU
		{BCDE3C78-5F50-4FA6-AF7A-9B941837ECB3}.Release|Any CPU.ActiveCfg = Release|Any CPU
		{BCDE3C78-5F50-4FA6-AF7A-9B941837ECB3}.Release|Any CPU.Build.0 = Release|Any CPU
	EndGlobalSection
	GlobalSection(SolutionProperties) = preSolution
		HideSolutionNode = FALSE
	EndGlobalSection
EndGlobal
